
Microsoft Visual Studio Solution File, Format Version 12.00
# Visual Studio Version 17
VisualStudioVersion = 17.9.34723.18
MinimumVisualStudioVersion = 10.0.40219.1
Project("{FAE04EC0-301F-11D3-BF4B-00C04F79EFBC}") = "ExpenseTracker666", "ExpenseTracker666\ExpenseTracker666.csproj", "{BCF67E15-5DA2-404D-B18A-BE838D1B036C}"
EndProject
Global
	GlobalSection(SolutionConfigurationPlatforms) = preSolution
		Debug|Any CPU = Debug|Any CPU
		Release|Any CPU = Release|Any CPU
	EndGlobalSection
	GlobalSection(ProjectConfigurationPlatforms) = postSolution
		{BCF67E15-5DA2-404D-B18A-BE838D1B036C}.Debug|Any CPU.ActiveCfg = Debug|Any CPU
		{BCF67E15-5DA2-404D-B18A-BE838D1B036C}.Debug|Any CPU.Build.0 = Debug|Any CPU
		{BCF67E15-5DA2-404D-B18A-BE838D1B036C}.Release|Any CPU.ActiveCfg = Release|Any CPU
		{BCF67E15-5DA2-404D-B18A-BE838D1B036C}.Release|Any CPU.Build.0 = Release|Any CPU
	EndGlobalSection
	GlobalSection(SolutionProperties) = preSolution
		HideSolutionNode = FALSE
	EndGlobalSection
	GlobalSection(ExtensibilityGlobals) = postSolution
		SolutionGuid = {B6769642-4A6D-43FD-8346-3CE86A6591EE}
	EndGlobalSection
EndGlobal
